
Microsoft Visual Studio Solution File, Format Version 12.00
# Visual Studio Version 16
VisualStudioVersion = 16.0.31025.194
MinimumVisualStudioVersion = 10.0.40219.1
Project("{9A19103F-16F7-4668-BE54-9A1E7A4F7556}") = "BA.Demo.Solution", "BA.Demo.Solution\BA.Demo.Solution.csproj", "{4710A7D8-3F5C-4CE0-AB09-E73CA46BE10A}"
EndProject
Project("{9A19103F-16F7-4668-BE54-9A1E7A4F7556}") = "BA.Demo.Exemple", "BA.Demo.Exemple\BA.Demo.Exemple.csproj", "{4812E4D7-9E2D-4F00-A183-40733545E762}"
EndProject
Project("{9A19103F-16F7-4668-BE54-9A1E7A4F7556}") = "BA.Demo.Conditionnel", "BA.Demo.Conditionnel\BA.Demo.Conditionnel.csproj", "{A45D75F4-A213-4ECE-A5E7-887462012D8B}"
EndProject
Project("{9A19103F-16F7-4668-BE54-9A1E7A4F7556}") = "BA.Demo.Booleen", "BA.Demo.Booleen\BA.Demo.Booleen.csproj", "{9BB1B6CA-59B7-4C53-A461-9813CDAA997C}"
EndProject
Project("{9A19103F-16F7-4668-BE54-9A1E7A4F7556}") = "BA.Demo.Ternaire", "BA.Demo.Ternaire\BA.Demo.Ternaire.csproj", "{12B7F517-551F-4F6D-A439-BEBEF1451558}"
EndProject
Project("{9A19103F-16F7-4668-BE54-9A1E7A4F7556}") = "BA.Demo.Coalesce", "BA.Demo.Coalesce\BA.Demo.Coalesce.csproj", "{900BC4AB-F229-4A04-81C9-15AFC41CE4A9}"
EndProject
Project("{9A19103F-16F7-4668-BE54-9A1E7A4F7556}") = "BA.Demo.Boucles", "BA.Demo.Boucles\BA.Demo.Boucles.csproj", "{7C2F8B10-CC6D-4393-AC9E-7699AD57947F}"
EndProject
Project("{9A19103F-16F7-4668-BE54-9A1E7A4F7556}") = "BA.Demo.Tableau", "BA.Demo.Tableau\BA.Demo.Tableau.csproj", "{AF446696-BF99-45B9-9395-4F9BDAF13B3A}"
EndProject
Project("{9A19103F-16F7-4668-BE54-9A1E7A4F7556}") = "BA.Demo.Structs", "BA.Demo.Structs\BA.Demo.Structs.csproj", "{78E3C28E-69EC-46F3-80B7-45CFFC563624}"
EndProject
Project("{9A19103F-16F7-4668-BE54-9A1E7A4F7556}") = "BA.Demo.LanceurDeBalle", "BA.Demo.LanceurDeBalle\BA.Demo.LanceurDeBalle.csproj", "{DA48F8F0-854C-4D71-8EE9-F4EFAAB2551A}"
EndProject
Project("{9A19103F-16F7-4668-BE54-9A1E7A4F7556}") = "BA.Demo.PlusOuMoins", "BA.Demo.PlusOuMoins\BA.Demo.PlusOuMoins.csproj", "{8D4A5B97-288C-4867-BFE5-C3DBE55E2EAB}"
EndProject
Project("{9A19103F-16F7-4668-BE54-9A1E7A4F7556}") = "BA.Demo.TableauDeSix", "BA.Demo.TableauDeSix\BA.Demo.TableauDeSix.csproj", "{753D3DC3-BA43-4368-A924-FE815C644C93}"
EndProject
Project("{9A19103F-16F7-4668-BE54-9A1E7A4F7556}") = "BA.Demo.TableauExposantDeux", "BA.Demo.TableauExposantDeux\BA.Demo.TableauExposantDeux.csproj", "{5B0F990C-7E83-472B-BB04-2887FF560E34}"
EndProject
Project("{9A19103F-16F7-4668-BE54-9A1E7A4F7556}") = "BA.Demo.MediaStruct", "BA.Demo.MediaStruct\BA.Demo.MediaStruct.csproj", "{6F25768C-3AA5-4C16-A02B-4C84C0145D18}"
EndProject
Project("{9A19103F-16F7-4668-BE54-9A1E7A4F7556}") = "BA.Demo.Methodes", "BA.Demo.Methodes\BA.Demo.Methodes.csproj", "{2FFF0812-11DE-40EF-BBDA-7C16804EA00F}"
EndProject
Project("{9A19103F-16F7-4668-BE54-9A1E7A4F7556}") = "BA.Demo.StructVSRef", "BA.Demo.StructVSRef\BA.Demo.StructVSRef.csproj", "{067FB7D8-F21D-45A6-A7E8-6BB4F7D548AE}"
EndProject
Project("{9A19103F-16F7-4668-BE54-9A1E7A4F7556}") = "BA.Demo.MethodeRefReturn", "BA.Demo.MethodeRefReturn\BA.Demo.MethodeRefReturn.csproj", "{0AADFA86-5D57-4B5D-A5BB-7ADE021F985C}"
EndProject
Project("{9A19103F-16F7-4668-BE54-9A1E7A4F7556}") = "BA.Demo.StructPhoneNumber", "BA.Demo.StructPhoneNumber\BA.Demo.StructPhoneNumber.csproj", "{A3A4D709-FFDB-455A-8677-B4CB7913FFE8}"
EndProject
Project("{9A19103F-16F7-4668-BE54-9A1E7A4F7556}") = "BA.Demo.Collections", "BA.Demo.Collections\BA.Demo.Collections.csproj", "{508499EA-B863-45BA-AF1F-AB16A6F67C34}"
EndProject
Project("{9A19103F-16F7-4668-BE54-9A1E7A4F7556}") = "BA.Demo.Collections.Generic", "BA.Demo.Collections.Generic\BA.Demo.Collections.Generic.csproj", "{EF67519D-6570-4028-B8CB-F8258AA83807}"
EndProject
Project("{9A19103F-16F7-4668-BE54-9A1E7A4F7556}") = "BA.Demo.ConversionEtSuffixes", "BA.Demo.ConversionEtSuffixes\BA.Demo.ConversionEtSuffixes.csproj", "{1EB73E05-B756-4E29-A528-62CD0A95359C}"
EndProject
Project("{9A19103F-16F7-4668-BE54-9A1E7A4F7556}") = "BA.Demo.Array", "BA.Demo.Array\BA.Demo.Array.csproj", "{7BFFC31D-16E7-434D-9A59-DF02FA654E96}"
EndProject
Project("{FAE04EC0-301F-11D3-BF4B-00C04F79EFBC}") = "BA.Demo.EnumMedia", "BA.Demo.EnumMedia\BA.Demo.EnumMedia.csproj", "{C907E538-9CDE-4291-A07B-9D784F5F802B}"
EndProject
Project("{FAE04EC0-301F-11D3-BF4B-00C04F79EFBC}") = "BA.Demo.NomVariableMotReserve", "BA.Demo.NomVariableMotReserve\BA.Demo.NomVariableMotReserve.csproj", "{95543817-B6B8-494B-801B-84E3EFE06564}"
EndProject
Project("{FAE04EC0-301F-11D3-BF4B-00C04F79EFBC}") = "BA.Demo.Encapsulation", "BA.Demo.Encapsulation\BA.Demo.Encapsulation.csproj", "{FB781798-23DF-459E-9D61-0AA1CEB1A555}"
EndProject
Project("{FAE04EC0-301F-11D3-BF4B-00C04F79EFBC}") = "BA.Demo.Indexeur", "BA.Demo.Indexeur\BA.Demo.Indexeur.csproj", "{C35BCB42-4678-4DEA-9E9E-E468B0FFB06F}"
EndProject
Project("{FAE04EC0-301F-11D3-BF4B-00C04F79EFBC}") = "BA.Demo.HeritageDissimulationMethode", "BA.Demo.HeritageDissimulationMethode\BA.Demo.HeritageDissimulationMethode.csproj", "{C7BFD39C-57AE-4E5E-A52F-D923BF061FB7}"
EndProject
Project("{FAE04EC0-301F-11D3-BF4B-00C04F79EFBC}") = "BA.Demo.Heritage", "BA.Demo.Heritage\BA.Demo.Heritage.csproj", "{6082D900-AFB4-4313-B5C4-3AFC171E5529}"
EndProject
Global
	GlobalSection(SolutionConfigurationPlatforms) = preSolution
		Debug|Any CPU = Debug|Any CPU
		Release|Any CPU = Release|Any CPU
	EndGlobalSection
	GlobalSection(ProjectConfigurationPlatforms) = postSolution
		{4710A7D8-3F5C-4CE0-AB09-E73CA46BE10A}.Debug|Any CPU.ActiveCfg = Debug|Any CPU
		{4710A7D8-3F5C-4CE0-AB09-E73CA46BE10A}.Debug|Any CPU.Build.0 = Debug|Any CPU
		{4710A7D8-3F5C-4CE0-AB09-E73CA46BE10A}.Release|Any CPU.ActiveCfg = Release|Any CPU
		{4710A7D8-3F5C-4CE0-AB09-E73CA46BE10A}.Release|Any CPU.Build.0 = Release|Any CPU
		{4812E4D7-9E2D-4F00-A183-40733545E762}.Debug|Any CPU.ActiveCfg = Debug|Any CPU
		{4812E4D7-9E2D-4F00-A183-40733545E762}.Debug|Any CPU.Build.0 = Debug|Any CPU
		{4812E4D7-9E2D-4F00-A183-40733545E762}.Release|Any CPU.ActiveCfg = Release|Any CPU
		{4812E4D7-9E2D-4F00-A183-40733545E762}.Release|Any CPU.Build.0 = Release|Any CPU
		{A45D75F4-A213-4ECE-A5E7-887462012D8B}.Debug|Any CPU.ActiveCfg = Debug|Any CPU
		{A45D75F4-A213-4ECE-A5E7-887462012D8B}.Debug|Any CPU.Build.0 = Debug|Any CPU
		{A45D75F4-A213-4ECE-A5E7-887462012D8B}.Release|Any CPU.ActiveCfg = Release|Any CPU
		{A45D75F4-A213-4ECE-A5E7-887462012D8B}.Release|Any CPU.Build.0 = Release|Any CPU
		{9BB1B6CA-59B7-4C53-A461-9813CDAA997C}.Debug|Any CPU.ActiveCfg = Debug|Any CPU
		{9BB1B6CA-59B7-4C53-A461-9813CDAA997C}.Debug|Any CPU.Build.0 = Debug|Any CPU
		{9BB1B6CA-59B7-4C53-A461-9813CDAA997C}.Release|Any CPU.ActiveCfg = Release|Any CPU
		{9BB1B6CA-59B7-4C53-A461-9813CDAA997C}.Release|Any CPU.Build.0 = Release|Any CPU
		{12B7F517-551F-4F6D-A439-BEBEF1451558}.Debug|Any CPU.ActiveCfg = Debug|Any CPU
		{12B7F517-551F-4F6D-A439-BEBEF1451558}.Debug|Any CPU.Build.0 = Debug|Any CPU
		{12B7F517-551F-4F6D-A439-BEBEF1451558}.Release|Any CPU.ActiveCfg = Release|Any CPU
		{12B7F517-551F-4F6D-A439-BEBEF1451558}.Release|Any CPU.Build.0 = Release|Any CPU
		{900BC4AB-F229-4A04-81C9-15AFC41CE4A9}.Debug|Any CPU.ActiveCfg = Debug|Any CPU
		{900BC4AB-F229-4A04-81C9-15AFC41CE4A9}.Debug|Any CPU.Build.0 = Debug|Any CPU
		{900BC4AB-F229-4A04-81C9-15AFC41CE4A9}.Release|Any CPU.ActiveCfg = Release|Any CPU
		{900BC4AB-F229-4A04-81C9-15AFC41CE4A9}.Release|Any CPU.Build.0 = Release|Any CPU
		{7C2F8B10-CC6D-4393-AC9E-7699AD57947F}.Debug|Any CPU.ActiveCfg = Debug|Any CPU
		{7C2F8B10-CC6D-4393-AC9E-7699AD57947F}.Debug|Any CPU.Build.0 = Debug|Any CPU
		{7C2F8B10-CC6D-4393-AC9E-7699AD57947F}.Release|Any CPU.ActiveCfg = Release|Any CPU
		{7C2F8B10-CC6D-4393-AC9E-7699AD57947F}.Release|Any CPU.Build.0 = Release|Any CPU
		{AF446696-BF99-45B9-9395-4F9BDAF13B3A}.Debug|Any CPU.ActiveCfg = Debug|Any CPU
		{AF446696-BF99-45B9-9395-4F9BDAF13B3A}.Debug|Any CPU.Build.0 = Debug|Any CPU
		{AF446696-BF99-45B9-9395-4F9BDAF13B3A}.Release|Any CPU.ActiveCfg = Release|Any CPU
		{AF446696-BF99-45B9-9395-4F9BDAF13B3A}.Release|Any CPU.Build.0 = Release|Any CPU
		{78E3C28E-69EC-46F3-80B7-45CFFC563624}.Debug|Any CPU.ActiveCfg = Debug|Any CPU
		{78E3C28E-69EC-46F3-80B7-45CFFC563624}.Debug|Any CPU.Build.0 = Debug|Any CPU
		{78E3C28E-69EC-46F3-80B7-45CFFC563624}.Release|Any CPU.ActiveCfg = Release|Any CPU
		{78E3C28E-69EC-46F3-80B7-45CFFC563624}.Release|Any CPU.Build.0 = Release|Any CPU
		{DA48F8F0-854C-4D71-8EE9-F4EFAAB2551A}.Debug|Any CPU.ActiveCfg = Debug|Any CPU
		{DA48F8F0-854C-4D71-8EE9-F4EFAAB2551A}.Debug|Any CPU.Build.0 = Debug|Any CPU
		{DA48F8F0-854C-4D71-8EE9-F4EFAAB2551A}.Release|Any CPU.ActiveCfg = Release|Any CPU
		{DA48F8F0-854C-4D71-8EE9-F4EFAAB2551A}.Release|Any CPU.Build.0 = Release|Any CPU
		{8D4A5B97-288C-4867-BFE5-C3DBE55E2EAB}.Debug|Any CPU.ActiveCfg = Debug|Any CPU
		{8D4A5B97-288C-4867-BFE5-C3DBE55E2EAB}.Debug|Any CPU.Build.0 = Debug|Any CPU
		{8D4A5B97-288C-4867-BFE5-C3DBE55E2EAB}.Release|Any CPU.ActiveCfg = Release|Any CPU
		{8D4A5B97-288C-4867-BFE5-C3DBE55E2EAB}.Release|Any CPU.Build.0 = Release|Any CPU
		{753D3DC3-BA43-4368-A924-FE815C644C93}.Debug|Any CPU.ActiveCfg = Debug|Any CPU
		{753D3DC3-BA43-4368-A924-FE815C644C93}.Debug|Any CPU.Build.0 = Debug|Any CPU
		{753D3DC3-BA43-4368-A924-FE815C644C93}.Release|Any CPU.ActiveCfg = Release|Any CPU
		{753D3DC3-BA43-4368-A924-FE815C644C93}.Release|Any CPU.Build.0 = Release|Any CPU
		{5B0F990C-7E83-472B-BB04-2887FF560E34}.Debug|Any CPU.ActiveCfg = Debug|Any CPU
		{5B0F990C-7E83-472B-BB04-2887FF560E34}.Debug|Any CPU.Build.0 = Debug|Any CPU
		{5B0F990C-7E83-472B-BB04-2887FF560E34}.Release|Any CPU.ActiveCfg = Release|Any CPU
		{5B0F990C-7E83-472B-BB04-2887FF560E34}.Release|Any CPU.Build.0 = Release|Any CPU
		{6F25768C-3AA5-4C16-A02B-4C84C0145D18}.Debug|Any CPU.ActiveCfg = Debug|Any CPU
		{6F25768C-3AA5-4C16-A02B-4C84C0145D18}.Debug|Any CPU.Build.0 = Debug|Any CPU
		{6F25768C-3AA5-4C16-A02B-4C84C0145D18}.Release|Any CPU.ActiveCfg = Release|Any CPU
		{6F25768C-3AA5-4C16-A02B-4C84C0145D18}.Release|Any CPU.Build.0 = Release|Any CPU
		{2FFF0812-11DE-40EF-BBDA-7C16804EA00F}.Debug|Any CPU.ActiveCfg = Debug|Any CPU
		{2FFF0812-11DE-40EF-BBDA-7C16804EA00F}.Debug|Any CPU.Build.0 = Debug|Any CPU
		{2FFF0812-11DE-40EF-BBDA-7C16804EA00F}.Release|Any CPU.ActiveCfg = Release|Any CPU
		{2FFF0812-11DE-40EF-BBDA-7C16804EA00F}.Release|Any CPU.Build.0 = Release|Any CPU
		{067FB7D8-F21D-45A6-A7E8-6BB4F7D548AE}.Debug|Any CPU.ActiveCfg = Debug|Any CPU
		{067FB7D8-F21D-45A6-A7E8-6BB4F7D548AE}.Debug|Any CPU.Build.0 = Debug|Any CPU
		{067FB7D8-F21D-45A6-A7E8-6BB4F7D548AE}.Release|Any CPU.ActiveCfg = Release|Any CPU
		{067FB7D8-F21D-45A6-A7E8-6BB4F7D548AE}.Release|Any CPU.Build.0 = Release|Any CPU
		{0AADFA86-5D57-4B5D-A5BB-7ADE021F985C}.Debug|Any CPU.ActiveCfg = Debug|Any CPU
		{0AADFA86-5D57-4B5D-A5BB-7ADE021F985C}.Debug|Any CPU.Build.0 = Debug|Any CPU
		{0AADFA86-5D57-4B5D-A5BB-7ADE021F985C}.Release|Any CPU.ActiveCfg = Release|Any CPU
		{0AADFA86-5D57-4B5D-A5BB-7ADE021F985C}.Release|Any CPU.Build.0 = Release|Any CPU
		{A3A4D709-FFDB-455A-8677-B4CB7913FFE8}.Debug|Any CPU.ActiveCfg = Debug|Any CPU
		{A3A4D709-FFDB-455A-8677-B4CB7913FFE8}.Debug|Any CPU.Build.0 = Debug|Any CPU
		{A3A4D709-FFDB-455A-8677-B4CB7913FFE8}.Release|Any CPU.ActiveCfg = Release|Any CPU
		{A3A4D709-FFDB-455A-8677-B4CB7913FFE8}.Release|Any CPU.Build.0 = Release|Any CPU
		{508499EA-B863-45BA-AF1F-AB16A6F67C34}.Debug|Any CPU.ActiveCfg = Debug|Any CPU
		{508499EA-B863-45BA-AF1F-AB16A6F67C34}.Debug|Any CPU.Build.0 = Debug|Any CPU
		{508499EA-B863-45BA-AF1F-AB16A6F67C34}.Release|Any CPU.ActiveCfg = Release|Any CPU
		{508499EA-B863-45BA-AF1F-AB16A6F67C34}.Release|Any CPU.Build.0 = Release|Any CPU
		{EF67519D-6570-4028-B8CB-F8258AA83807}.Debug|Any CPU.ActiveCfg = Debug|Any CPU
		{EF67519D-6570-4028-B8CB-F8258AA83807}.Debug|Any CPU.Build.0 = Debug|Any CPU
		{EF67519D-6570-4028-B8CB-F8258AA83807}.Release|Any CPU.ActiveCfg = Release|Any CPU
		{EF67519D-6570-4028-B8CB-F8258AA83807}.Release|Any CPU.Build.0 = Release|Any CPU
		{1EB73E05-B756-4E29-A528-62CD0A95359C}.Debug|Any CPU.ActiveCfg = Debug|Any CPU
		{1EB73E05-B756-4E29-A528-62CD0A95359C}.Debug|Any CPU.Build.0 = Debug|Any CPU
		{1EB73E05-B756-4E29-A528-62CD0A95359C}.Release|Any CPU.ActiveCfg = Release|Any CPU
		{1EB73E05-B756-4E29-A528-62CD0A95359C}.Release|Any CPU.Build.0 = Release|Any CPU
		{7BFFC31D-16E7-434D-9A59-DF02FA654E96}.Debug|Any CPU.ActiveCfg = Debug|Any CPU
		{7BFFC31D-16E7-434D-9A59-DF02FA654E96}.Debug|Any CPU.Build.0 = Debug|Any CPU
		{7BFFC31D-16E7-434D-9A59-DF02FA654E96}.Release|Any CPU.ActiveCfg = Release|Any CPU
		{7BFFC31D-16E7-434D-9A59-DF02FA654E96}.Release|Any CPU.Build.0 = Release|Any CPU
		{C907E538-9CDE-4291-A07B-9D784F5F802B}.Debug|Any CPU.ActiveCfg = Debug|Any CPU
		{C907E538-9CDE-4291-A07B-9D784F5F802B}.Debug|Any CPU.Build.0 = Debug|Any CPU
		{C907E538-9CDE-4291-A07B-9D784F5F802B}.Release|Any CPU.ActiveCfg = Release|Any CPU
		{C907E538-9CDE-4291-A07B-9D784F5F802B}.Release|Any CPU.Build.0 = Release|Any CPU
		{95543817-B6B8-494B-801B-84E3EFE06564}.Debug|Any CPU.ActiveCfg = Debug|Any CPU
		{95543817-B6B8-494B-801B-84E3EFE06564}.Debug|Any CPU.Build.0 = Debug|Any CPU
		{95543817-B6B8-494B-801B-84E3EFE06564}.Release|Any CPU.ActiveCfg = Release|Any CPU
		{95543817-B6B8-494B-801B-84E3EFE06564}.Release|Any CPU.Build.0 = Release|Any CPU
		{FB781798-23DF-459E-9D61-0AA1CEB1A555}.Debug|Any CPU.ActiveCfg = Debug|Any CPU
		{FB781798-23DF-459E-9D61-0AA1CEB1A555}.Debug|Any CPU.Build.0 = Debug|Any CPU
		{FB781798-23DF-459E-9D61-0AA1CEB1A555}.Release|Any CPU.ActiveCfg = Release|Any CPU
		{FB781798-23DF-459E-9D61-0AA1CEB1A555}.Release|Any CPU.Build.0 = Release|Any CPU
		{C35BCB42-4678-4DEA-9E9E-E468B0FFB06F}.Debug|Any CPU.ActiveCfg = Debug|Any CPU
		{C35BCB42-4678-4DEA-9E9E-E468B0FFB06F}.Debug|Any CPU.Build.0 = Debug|Any CPU
		{C35BCB42-4678-4DEA-9E9E-E468B0FFB06F}.Release|Any CPU.ActiveCfg = Release|Any CPU
		{C35BCB42-4678-4DEA-9E9E-E468B0FFB06F}.Release|Any CPU.Build.0 = Release|Any CPU
		{C7BFD39C-57AE-4E5E-A52F-D923BF061FB7}.Debug|Any CPU.ActiveCfg = Debug|Any CPU
		{C7BFD39C-57AE-4E5E-A52F-D923BF061FB7}.Debug|Any CPU.Build.0 = Debug|Any CPU
		{C7BFD39C-57AE-4E5E-A52F-D923BF061FB7}.Release|Any CPU.ActiveCfg = Release|Any CPU
		{C7BFD39C-57AE-4E5E-A52F-D923BF061FB7}.Release|Any CPU.Build.0 = Release|Any CPU
		{6082D900-AFB4-4313-B5C4-3AFC171E5529}.Debug|Any CPU.ActiveCfg = Debug|Any CPU
		{6082D900-AFB4-4313-B5C4-3AFC171E5529}.Debug|Any CPU.Build.0 = Debug|Any CPU
		{6082D900-AFB4-4313-B5C4-3AFC171E5529}.Release|Any CPU.ActiveCfg = Release|Any CPU
		{6082D900-AFB4-4313-B5C4-3AFC171E5529}.Release|Any CPU.Build.0 = Release|Any CPU
	EndGlobalSection
	GlobalSection(SolutionProperties) = preSolution
		HideSolutionNode = FALSE
	EndGlobalSection
	GlobalSection(ExtensibilityGlobals) = postSolution
		SolutionGuid = {1F14F2EA-FF8E-4BF7-902A-1FE407EC3558}
	EndGlobalSection
EndGlobal
